
Microsoft Visual Studio Solution File, Format Version 12.00
# Visual Studio Version 17
VisualStudioVersion = 17.2.32616.157
MinimumVisualStudioVersion = 10.0.40219.1
Project("{FAE04EC0-301F-11D3-BF4B-00C04F79EFBC}") = "carscom", "carscom\carscom.csproj", "{A4D154EC-C241-4FFE-93A8-74FDDE2647E2}"
EndProject
Global
	GlobalSection(SolutionConfigurationPlatforms) = preSolution
		Debug|Any CPU = Debug|Any CPU
		Debug|x64 = Debug|x64
		Release|Any CPU = Release|Any CPU
		Release|x64 = Release|x64
	EndGlobalSection
	GlobalSection(ProjectConfigurationPlatforms) = postSolution
		{A4D154EC-C241-4FFE-93A8-74FDDE2647E2}.Debug|Any CPU.ActiveCfg = Debug|Any CPU
		{A4D154EC-C241-4FFE-93A8-74FDDE2647E2}.Debug|Any CPU.Build.0 = Debug|Any CPU
		{A4D154EC-C241-4FFE-93A8-74FDDE2647E2}.Debug|x64.ActiveCfg = Debug|x64
		{A4D154EC-C241-4FFE-93A8-74FDDE2647E2}.Debug|x64.Build.0 = Debug|x64
		{A4D154EC-C241-4FFE-93A8-74FDDE2647E2}.Release|Any CPU.ActiveCfg = Release|Any CPU
		{A4D154EC-C241-4FFE-93A8-74FDDE2647E2}.Release|Any CPU.Build.0 = Release|Any CPU
		{A4D154EC-C241-4FFE-93A8-74FDDE2647E2}.Release|x64.ActiveCfg = Release|x64
		{A4D154EC-C241-4FFE-93A8-74FDDE2647E2}.Release|x64.Build.0 = Release|x64
	EndGlobalSection
	GlobalSection(SolutionProperties) = preSolution
		HideSolutionNode = FALSE
	EndGlobalSection
	GlobalSection(ExtensibilityGlobals) = postSolution
		SolutionGuid = {36BC5862-210D-4F8D-A764-382CE043B390}
	EndGlobalSection
EndGlobal
